# tool|arch|version|URL|SHA256|format|member|download-bytes
chezmoi|amd64|v2.72.1|https://github.com/twpayne/chezmoi/releases/download/v2.72.1/chezmoi_2.72.1_linux-musl_amd64.tar.gz|b961e2972d6fcd1002f9b986d4a61dc5da288e96aab226434fd5b20a7de80cf9|tar.gz|chezmoi|15709577
chezmoi|arm64|v2.72.1|https://github.com/twpayne/chezmoi/releases/download/v2.72.1/chezmoi_2.72.1_linux_arm64.tar.gz|75508ef41216b6d64f3145986b751729d7f92d09c6bad77d51cf2895ab35a508|tar.gz|chezmoi|14102664
chezmoi|i386|v2.72.1|https://github.com/twpayne/chezmoi/releases/download/v2.72.1/chezmoi_2.72.1_linux_i386.tar.gz|09506e55f48e5ee2dac76390ebf436499dcb45dc80871d5daccfef5bd3d0c439|tar.gz|chezmoi|14874135
herdr|amd64|v0.8.2|https://github.com/herdrdev/herdr/releases/download/v0.8.2/herdr-linux-x86_64|976150a14d490c94b243ea2e1a7eb2dfb67f12e36b182db90936f6728e6aecf4|raw|-|22733040
herdr|arm64|v0.8.2|https://github.com/herdrdev/herdr/releases/download/v0.8.2/herdr-linux-aarch64|f55610658e1c2e0d2aaef730b4b2ab885f7f8ba00285ab372bfb14f2e3d5b40d|raw|-|20744664
specstory|amd64|v2.10.0|https://github.com/specstoryai/getspecstory/releases/download/v2.10.0/SpecStoryCLI_Linux_x86_64.tar.gz|b569fda2393d253cf0af7093553e020a6406e43ef464160474ef98f6541eabbf|tar.gz|specstory|16959637
specstory|arm64|v2.10.0|https://github.com/specstoryai/getspecstory/releases/download/v2.10.0/SpecStoryCLI_Linux_arm64.tar.gz|09efe66989ed1858a26f27debf0ff736337411c9fe4fb747d4b47ea69eb2bd17|tar.gz|specstory|15700895
codex|amd64|rust-v0.153.4|https://github.com/openai/codex/releases/download/rust-v0.153.4/codex-x86_64-unknown-linux-musl.tar.gz|f479424eca092484dc40d87ae28c44f4cc40234a60045d6131e493800d814a30|tar.gz|codex-x86_64-unknown-linux-musl|98582872
codex|arm64|rust-v0.153.4|https://github.com/openai/codex/releases/download/rust-v0.153.4/codex-aarch64-unknown-linux-musl.tar.gz|5cda6182bd94c3a30f2eb63a495489ebf7f691fddb14d70f48c6c1a5071b6cde|tar.gz|codex-aarch64-unknown-linux-musl|90899740
starship|amd64|v1.26.0|https://github.com/starship/starship/releases/download/v1.26.0/starship-x86_64-unknown-linux-musl.tar.gz|b7c232b0e8249d8e55a40beb79c5c43a7d370f3f9408bd215deb0170daeaadf3|tar.gz|starship|5191063
starship|arm64|v1.26.0|https://github.com/starship/starship/releases/download/v1.26.0/starship-aarch64-unknown-linux-musl.tar.gz|dc30189378d2f2e287384e8a692d3f95ad1df64cf0e8c36aa9201516028aed6b|tar.gz|starship|4784551
starship|i386|v1.26.0|https://github.com/starship/starship/releases/download/v1.26.0/starship-i686-unknown-linux-musl.tar.gz|6a19cd68dcfb945bcc60fbe1931b21fdae5277dcb761cba7582beccdcd5468be|tar.gz|starship|5043473
